hash: 4f9e929b35b52581f2078dc231ad683dc85bebea57efb1caa5f29a1fe4cd92af
updated: 2016-07-06T15:49:22.877456574-07:00
imports:
- name: github.com/cloudfoundry-incubator/candiedyaml
  version: 99c3df83b51532e3615f851d8c2dbb638f5313bf
- name: github.com/coreos/etcd
  version: 1c9e0a0e33051fed6c05c141e6fcbfe5c7f2a899
  subpackages:
  - client
  - pkg/transport
  - pkg/pathutil
  - pkg/types
  - pkg/fileutil
  - pkg/tlsutil
- name: github.com/coreos/go-systemd
  version: 4fdcc47482107227bd1ed258e5b7bfbc82c9512a
  subpackages:
  - journal
- name: github.com/coreos/pkg
  version: a48e304ff9331be6d5df352b6b47bd1395ab5dd7
  subpackages:
  - capnslog
- name: github.com/docopt/docopt-go
  version: 784ddc588536785e7299f7272f39101f7faccc3f
- name: github.com/ghodss/yaml
  version: aa0c862057666179de291b67d9f093d12b5a8473
- name: github.com/golang/glog
  version: 23def4e6c14b4da8ac2ed8007337bc5eb5007998
- name: github.com/kelseyhightower/envconfig
  version: 91921eb4cf999321cdbeebdba5a03555800d493b
- name: github.com/ugorji/go
  version: b94837a2404ab90efe9289e77a70694c355739cb
  subpackages:
  - codec
- name: golang.org/x/net
  version: b400c2eff1badec7022a8c8f5bea058b6315eed7
  subpackages:
  - context
- name: gopkg.in/go-playground/validator.v8
  version: 25f1823069d853eccffbde025dca1812fa09c14b
devImports: []
